
Microsoft Visual Studio Solution File, Format Version 12.00
# Visual Studio Version 17
VisualStudioVersion = 17.0.31903.59
MinimumVisualStudioVersion = 10.0.40219.1
Project("{2150E333-8FDC-42A3-9474-1A3956D46DE8}") = "Core", "Core", "{FBF56CC3-7AE6-AD2D-3F14-7F97FD322CD6}"
EndProject
Project("{2150E333-8FDC-42A3-9474-1A3956D46DE8}") = "Infrastructure", "Infrastructure", "{DFEE68D8-A7D0-1A41-506C-9B74AA9A7B7B}"
EndProject
Project("{FAE04EC0-301F-11D3-BF4B-00C04F79EFBC}") = "AppCapasCitas.Domain", "AppCapasCitas.Domain\AppCapasCitas.Domain.csproj", "{E5EFEDE4-0251-4BEE-897E-09E2826FA3CA}"
EndProject
Project("{FAE04EC0-301F-11D3-BF4B-00C04F79EFBC}") = "AppCapasCitas.Infrastructure", "AppCapasCitas.Infrastructure\AppCapasCitas.Infrastructure.csproj", "{24863222-BB51-430C-A4D9-631520C5E961}"
EndProject
Project("{2150E333-8FDC-42A3-9474-1A3956D46DE8}") = "API", "API", "{D82C56D6-B2CD-F611-9E31-04638F7EC30E}"
EndProject
Project("{FAE04EC0-301F-11D3-BF4B-00C04F79EFBC}") = "AppCapasCitas.API", "AppCapasCitas.API\AppCapasCitas.API.csproj", "{72D07F6E-B9A7-4734-9A2F-FD8B0B28BACF}"
EndProject
Project("{FAE04EC0-301F-11D3-BF4B-00C04F79EFBC}") = "AppCapasCitas.Application", "AppCapasCitas.Application\AppCapasCitas.Application.csproj", "{E06D19ED-76EA-438D-8B94-918D0BB0DF8E}"
EndProject
Project("{2150E333-8FDC-42A3-9474-1A3956D46DE8}") = "Transversal", "Transversal", "{51E152EB-7DC2-C447-63E9-9D77852940FF}"
EndProject
Project("{FAE04EC0-301F-11D3-BF4B-00C04F79EFBC}") = "AppCapasCitas.Transversal.Common", "AppCapasCitas.Transversal.Common\AppCapasCitas.Transversal.Common.csproj", "{AB0F87A4-42F8-459D-8616-9A58F8C1E6DD}"
EndProject
Project("{FAE04EC0-301F-11D3-BF4B-00C04F79EFBC}") = "AppCapasCitas.Transversal.Logging", "AppCapasCitas.Transversal.Logging\AppCapasCitas.Transversal.Logging.csproj", "{6352766E-1C79-4947-BCE6-5AAABAF4E47E}"
EndProject
Project("{FAE04EC0-301F-11D3-BF4B-00C04F79EFBC}") = "AppCapasCitas.Identity", "AppCapasCitas.Identity\AppCapasCitas.Identity.csproj", "{3FC53C75-CDB2-4025-AAE7-41521FE978A8}"
EndProject
Project("{2150E333-8FDC-42A3-9474-1A3956D46DE8}") = "Client", "Client", "{2CB42F12-E813-91B3-7D11-3220E40BEF4A}"
EndProject
Project("{FAE04EC0-301F-11D3-BF4B-00C04F79EFBC}") = "AppCapasCitas.FrontEnd", "AppCapasCitas.FrontEnd\AppCapasCitas.FrontEnd.csproj", "{E12B7F72-2194-4E11-9160-0F6A77DC1F6E}"
EndProject
Project("{FAE04EC0-301F-11D3-BF4B-00C04F79EFBC}") = "AppCapasCitas.DTO", "AppCapasCitas.DTO\AppCapasCitas.DTO.csproj", "{165F6C94-9DEA-4D89-AB48-843A3DF16EB3}"
EndProject
Project("{FAE04EC0-301F-11D3-BF4B-00C04F79EFBC}") = "AppCapasCitas.Reporting", "AppCapasCitas.Reporting\AppCapasCitas.Reporting.csproj", "{ADBF7CE8-77ED-4974-AD01-CCE32B5708C0}"
EndProject
Global
	GlobalSection(SolutionConfigurationPlatforms) = preSolution
		Debug|Any CPU = Debug|Any CPU
		Debug|x64 = Debug|x64
		Debug|x86 = Debug|x86
		Release|Any CPU = Release|Any CPU
		Release|x64 = Release|x64
		Release|x86 = Release|x86
	EndGlobalSection
	GlobalSection(ProjectConfigurationPlatforms) = postSolution
		{E5EFEDE4-0251-4BEE-897E-09E2826FA3CA}.Debug|Any CPU.ActiveCfg = Debug|Any CPU
		{E5EFEDE4-0251-4BEE-897E-09E2826FA3CA}.Debug|Any CPU.Build.0 = Debug|Any CPU
		{E5EFEDE4-0251-4BEE-897E-09E2826FA3CA}.Debug|x64.ActiveCfg = Debug|Any CPU
		{E5EFEDE4-0251-4BEE-897E-09E2826FA3CA}.Debug|x64.Build.0 = Debug|Any CPU
		{E5EFEDE4-0251-4BEE-897E-09E2826FA3CA}.Debug|x86.ActiveCfg = Debug|Any CPU
		{E5EFEDE4-0251-4BEE-897E-09E2826FA3CA}.Debug|x86.Build.0 = Debug|Any CPU
		{E5EFEDE4-0251-4BEE-897E-09E2826FA3CA}.Release|Any CPU.ActiveCfg = Release|Any CPU
		{E5EFEDE4-0251-4BEE-897E-09E2826FA3CA}.Release|Any CPU.Build.0 = Release|Any CPU
		{E5EFEDE4-0251-4BEE-897E-09E2826FA3CA}.Release|x64.ActiveCfg = Release|Any CPU
		{E5EFEDE4-0251-4BEE-897E-09E2826FA3CA}.Release|x64.Build.0 = Release|Any CPU
		{E5EFEDE4-0251-4BEE-897E-09E2826FA3CA}.Release|x86.ActiveCfg = Release|Any CPU
		{E5EFEDE4-0251-4BEE-897E-09E2826FA3CA}.Release|x86.Build.0 = Release|Any CPU
		{24863222-BB51-430C-A4D9-631520C5E961}.Debug|Any CPU.ActiveCfg = Debug|Any CPU
		{24863222-BB51-430C-A4D9-631520C5E961}.Debug|Any CPU.Build.0 = Debug|Any CPU
		{24863222-BB51-430C-A4D9-631520C5E961}.Debug|x64.ActiveCfg = Debug|Any CPU
		{24863222-BB51-430C-A4D9-631520C5E961}.Debug|x64.Build.0 = Debug|Any CPU
		{24863222-BB51-430C-A4D9-631520C5E961}.Debug|x86.ActiveCfg = Debug|Any CPU
		{24863222-BB51-430C-A4D9-631520C5E961}.Debug|x86.Build.0 = Debug|Any CPU
		{24863222-BB51-430C-A4D9-631520C5E961}.Release|Any CPU.ActiveCfg = Release|Any CPU
		{24863222-BB51-430C-A4D9-631520C5E961}.Release|Any CPU.Build.0 = Release|Any CPU
		{24863222-BB51-430C-A4D9-631520C5E961}.Release|x64.ActiveCfg = Release|Any CPU
		{24863222-BB51-430C-A4D9-631520C5E961}.Release|x64.Build.0 = Release|Any CPU
		{24863222-BB51-430C-A4D9-631520C5E961}.Release|x86.ActiveCfg = Release|Any CPU
		{24863222-BB51-430C-A4D9-631520C5E961}.Release|x86.Build.0 = Release|Any CPU
		{72D07F6E-B9A7-4734-9A2F-FD8B0B28BACF}.Debug|Any CPU.ActiveCfg = Debug|Any CPU
		{72D07F6E-B9A7-4734-9A2F-FD8B0B28BACF}.Debug|Any CPU.Build.0 = Debug|Any CPU
		{72D07F6E-B9A7-4734-9A2F-FD8B0B28BACF}.Debug|x64.ActiveCfg = Debug|Any CPU
		{72D07F6E-B9A7-4734-9A2F-FD8B0B28BACF}.Debug|x64.Build.0 = Debug|Any CPU
		{72D07F6E-B9A7-4734-9A2F-FD8B0B28BACF}.Debug|x86.ActiveCfg = Debug|Any CPU
		{72D07F6E-B9A7-4734-9A2F-FD8B0B28BACF}.Debug|x86.Build.0 = Debug|Any CPU
		{72D07F6E-B9A7-4734-9A2F-FD8B0B28BACF}.Release|Any CPU.ActiveCfg = Release|Any CPU
		{72D07F6E-B9A7-4734-9A2F-FD8B0B28BACF}.Release|Any CPU.Build.0 = Release|Any CPU
		{72D07F6E-B9A7-4734-9A2F-FD8B0B28BACF}.Release|x64.ActiveCfg = Release|Any CPU
		{72D07F6E-B9A7-4734-9A2F-FD8B0B28BACF}.Release|x64.Build.0 = Release|Any CPU
		{72D07F6E-B9A7-4734-9A2F-FD8B0B28BACF}.Release|x86.ActiveCfg = Release|Any CPU
		{72D07F6E-B9A7-4734-9A2F-FD8B0B28BACF}.Release|x86.Build.0 = Release|Any CPU
		{E06D19ED-76EA-438D-8B94-918D0BB0DF8E}.Debug|Any CPU.ActiveCfg = Debug|Any CPU
		{E06D19ED-76EA-438D-8B94-918D0BB0DF8E}.Debug|Any CPU.Build.0 = Debug|Any CPU
		{E06D19ED-76EA-438D-8B94-918D0BB0DF8E}.Debug|x64.ActiveCfg = Debug|Any CPU
		{E06D19ED-76EA-438D-8B94-918D0BB0DF8E}.Debug|x64.Build.0 = Debug|Any CPU
		{E06D19ED-76EA-438D-8B94-918D0BB0DF8E}.Debug|x86.ActiveCfg = Debug|Any CPU
		{E06D19ED-76EA-438D-8B94-918D0BB0DF8E}.Debug|x86.Build.0 = Debug|Any CPU
		{E06D19ED-76EA-438D-8B94-918D0BB0DF8E}.Release|Any CPU.ActiveCfg = Release|Any CPU
		{E06D19ED-76EA-438D-8B94-918D0BB0DF8E}.Release|Any CPU.Build.0 = Release|Any CPU
		{E06D19ED-76EA-438D-8B94-918D0BB0DF8E}.Release|x64.ActiveCfg = Release|Any CPU
		{E06D19ED-76EA-438D-8B94-918D0BB0DF8E}.Release|x64.Build.0 = Release|Any CPU
		{E06D19ED-76EA-438D-8B94-918D0BB0DF8E}.Release|x86.ActiveCfg = Release|Any CPU
		{E06D19ED-76EA-438D-8B94-918D0BB0DF8E}.Release|x86.Build.0 = Release|Any CPU
		{AB0F87A4-42F8-459D-8616-9A58F8C1E6DD}.Debug|Any CPU.ActiveCfg = Debug|Any CPU
		{AB0F87A4-42F8-459D-8616-9A58F8C1E6DD}.Debug|Any CPU.Build.0 = Debug|Any CPU
		{AB0F87A4-42F8-459D-8616-9A58F8C1E6DD}.Debug|x64.ActiveCfg = Debug|Any CPU
		{AB0F87A4-42F8-459D-8616-9A58F8C1E6DD}.Debug|x64.Build.0 = Debug|Any CPU
		{AB0F87A4-42F8-459D-8616-9A58F8C1E6DD}.Debug|x86.ActiveCfg = Debug|Any CPU
		{AB0F87A4-42F8-459D-8616-9A58F8C1E6DD}.Debug|x86.Build.0 = Debug|Any CPU
		{AB0F87A4-42F8-459D-8616-9A58F8C1E6DD}.Release|Any CPU.ActiveCfg = Release|Any CPU
		{AB0F87A4-42F8-459D-8616-9A58F8C1E6DD}.Release|Any CPU.Build.0 = Release|Any CPU
		{AB0F87A4-42F8-459D-8616-9A58F8C1E6DD}.Release|x64.ActiveCfg = Release|Any CPU
		{AB0F87A4-42F8-459D-8616-9A58F8C1E6DD}.Release|x64.Build.0 = Release|Any CPU
		{AB0F87A4-42F8-459D-8616-9A58F8C1E6DD}.Release|x86.ActiveCfg = Release|Any CPU
		{AB0F87A4-42F8-459D-8616-9A58F8C1E6DD}.Release|x86.Build.0 = Release|Any CPU
		{6352766E-1C79-4947-BCE6-5AAABAF4E47E}.Debug|Any CPU.ActiveCfg = Debug|Any CPU
		{6352766E-1C79-4947-BCE6-5AAABAF4E47E}.Debug|Any CPU.Build.0 = Debug|Any CPU
		{6352766E-1C79-4947-BCE6-5AAABAF4E47E}.Debug|x64.ActiveCfg = Debug|Any CPU
		{6352766E-1C79-4947-BCE6-5AAABAF4E47E}.Debug|x64.Build.0 = Debug|Any CPU
		{6352766E-1C79-4947-BCE6-5AAABAF4E47E}.Debug|x86.ActiveCfg = Debug|Any CPU
		{6352766E-1C79-4947-BCE6-5AAABAF4E47E}.Debug|x86.Build.0 = Debug|Any CPU
		{6352766E-1C79-4947-BCE6-5AAABAF4E47E}.Release|Any CPU.ActiveCfg = Release|Any CPU
		{6352766E-1C79-4947-BCE6-5AAABAF4E47E}.Release|Any CPU.Build.0 = Release|Any CPU
		{6352766E-1C79-4947-BCE6-5AAABAF4E47E}.Release|x64.ActiveCfg = Release|Any CPU
		{6352766E-1C79-4947-BCE6-5AAABAF4E47E}.Release|x64.Build.0 = Release|Any CPU
		{6352766E-1C79-4947-BCE6-5AAABAF4E47E}.Release|x86.ActiveCfg = Release|Any CPU
		{6352766E-1C79-4947-BCE6-5AAABAF4E47E}.Release|x86.Build.0 = Release|Any CPU
		{3FC53C75-CDB2-4025-AAE7-41521FE978A8}.Debug|Any CPU.ActiveCfg = Debug|Any CPU
		{3FC53C75-CDB2-4025-AAE7-41521FE978A8}.Debug|Any CPU.Build.0 = Debug|Any CPU
		{3FC53C75-CDB2-4025-AAE7-41521FE978A8}.Debug|x64.ActiveCfg = Debug|Any CPU
		{3FC53C75-CDB2-4025-AAE7-41521FE978A8}.Debug|x64.Build.0 = Debug|Any CPU
		{3FC53C75-CDB2-4025-AAE7-41521FE978A8}.Debug|x86.ActiveCfg = Debug|Any CPU
		{3FC53C75-CDB2-4025-AAE7-41521FE978A8}.Debug|x86.Build.0 = Debug|Any CPU
		{3FC53C75-CDB2-4025-AAE7-41521FE978A8}.Release|Any CPU.ActiveCfg = Release|Any CPU
		{3FC53C75-CDB2-4025-AAE7-41521FE978A8}.Release|Any CPU.Build.0 = Release|Any CPU
		{3FC53C75-CDB2-4025-AAE7-41521FE978A8}.Release|x64.ActiveCfg = Release|Any CPU
		{3FC53C75-CDB2-4025-AAE7-41521FE978A8}.Release|x64.Build.0 = Release|Any CPU
		{3FC53C75-CDB2-4025-AAE7-41521FE978A8}.Release|x86.ActiveCfg = Release|Any CPU
		{3FC53C75-CDB2-4025-AAE7-41521FE978A8}.Release|x86.Build.0 = Release|Any CPU
		{E12B7F72-2194-4E11-9160-0F6A77DC1F6E}.Debug|Any CPU.ActiveCfg = Debug|Any CPU
		{E12B7F72-2194-4E11-9160-0F6A77DC1F6E}.Debug|Any CPU.Build.0 = Debug|Any CPU
		{E12B7F72-2194-4E11-9160-0F6A77DC1F6E}.Debug|x64.ActiveCfg = Debug|Any CPU
		{E12B7F72-2194-4E11-9160-0F6A77DC1F6E}.Debug|x64.Build.0 = Debug|Any CPU
		{E12B7F72-2194-4E11-9160-0F6A77DC1F6E}.Debug|x86.ActiveCfg = Debug|Any CPU
		{E12B7F72-2194-4E11-9160-0F6A77DC1F6E}.Debug|x86.Build.0 = Debug|Any CPU
		{E12B7F72-2194-4E11-9160-0F6A77DC1F6E}.Release|Any CPU.ActiveCfg = Release|Any CPU
		{E12B7F72-2194-4E11-9160-0F6A77DC1F6E}.Release|Any CPU.Build.0 = Release|Any CPU
		{E12B7F72-2194-4E11-9160-0F6A77DC1F6E}.Release|x64.ActiveCfg = Release|Any CPU
		{E12B7F72-2194-4E11-9160-0F6A77DC1F6E}.Release|x64.Build.0 = Release|Any CPU
		{E12B7F72-2194-4E11-9160-0F6A77DC1F6E}.Release|x86.ActiveCfg = Release|Any CPU
		{E12B7F72-2194-4E11-9160-0F6A77DC1F6E}.Release|x86.Build.0 = Release|Any CPU
		{165F6C94-9DEA-4D89-AB48-843A3DF16EB3}.Debug|Any CPU.ActiveCfg = Debug|Any CPU
		{165F6C94-9DEA-4D89-AB48-843A3DF16EB3}.Debug|Any CPU.Build.0 = Debug|Any CPU
		{165F6C94-9DEA-4D89-AB48-843A3DF16EB3}.Debug|x64.ActiveCfg = Debug|Any CPU
		{165F6C94-9DEA-4D89-AB48-843A3DF16EB3}.Debug|x64.Build.0 = Debug|Any CPU
		{165F6C94-9DEA-4D89-AB48-843A3DF16EB3}.Debug|x86.ActiveCfg = Debug|Any CPU
		{165F6C94-9DEA-4D89-AB48-843A3DF16EB3}.Debug|x86.Build.0 = Debug|Any CPU
		{165F6C94-9DEA-4D89-AB48-843A3DF16EB3}.Release|Any CPU.ActiveCfg = Release|Any CPU
		{165F6C94-9DEA-4D89-AB48-843A3DF16EB3}.Release|Any CPU.Build.0 = Release|Any CPU
		{165F6C94-9DEA-4D89-AB48-843A3DF16EB3}.Release|x64.ActiveCfg = Release|Any CPU
		{165F6C94-9DEA-4D89-AB48-843A3DF16EB3}.Release|x64.Build.0 = Release|Any CPU
		{165F6C94-9DEA-4D89-AB48-843A3DF16EB3}.Release|x86.ActiveCfg = Release|Any CPU
		{165F6C94-9DEA-4D89-AB48-843A3DF16EB3}.Release|x86.Build.0 = Release|Any CPU
		{ADBF7CE8-77ED-4974-AD01-CCE32B5708C0}.Debug|Any CPU.ActiveCfg = Debug|Any CPU
		{ADBF7CE8-77ED-4974-AD01-CCE32B5708C0}.Debug|Any CPU.Build.0 = Debug|Any CPU
		{ADBF7CE8-77ED-4974-AD01-CCE32B5708C0}.Debug|x64.ActiveCfg = Debug|Any CPU
		{ADBF7CE8-77ED-4974-AD01-CCE32B5708C0}.Debug|x64.Build.0 = Debug|Any CPU
		{ADBF7CE8-77ED-4974-AD01-CCE32B5708C0}.Debug|x86.ActiveCfg = Debug|Any CPU
		{ADBF7CE8-77ED-4974-AD01-CCE32B5708C0}.Debug|x86.Build.0 = Debug|Any CPU
		{ADBF7CE8-77ED-4974-AD01-CCE32B5708C0}.Release|Any CPU.ActiveCfg = Release|Any CPU
		{ADBF7CE8-77ED-4974-AD01-CCE32B5708C0}.Release|Any CPU.Build.0 = Release|Any CPU
		{ADBF7CE8-77ED-4974-AD01-CCE32B5708C0}.Release|x64.ActiveCfg = Release|Any CPU
		{ADBF7CE8-77ED-4974-AD01-CCE32B5708C0}.Release|x64.Build.0 = Release|Any CPU
		{ADBF7CE8-77ED-4974-AD01-CCE32B5708C0}.Release|x86.ActiveCfg = Release|Any CPU
		{ADBF7CE8-77ED-4974-AD01-CCE32B5708C0}.Release|x86.Build.0 = Release|Any CPU
	EndGlobalSection
	GlobalSection(SolutionProperties) = preSolution
		HideSolutionNode = FALSE
	EndGlobalSection
	GlobalSection(NestedProjects) = preSolution
		{E5EFEDE4-0251-4BEE-897E-09E2826FA3CA} = {FBF56CC3-7AE6-AD2D-3F14-7F97FD322CD6}
		{24863222-BB51-430C-A4D9-631520C5E961} = {DFEE68D8-A7D0-1A41-506C-9B74AA9A7B7B}
		{72D07F6E-B9A7-4734-9A2F-FD8B0B28BACF} = {D82C56D6-B2CD-F611-9E31-04638F7EC30E}
		{E06D19ED-76EA-438D-8B94-918D0BB0DF8E} = {FBF56CC3-7AE6-AD2D-3F14-7F97FD322CD6}
		{AB0F87A4-42F8-459D-8616-9A58F8C1E6DD} = {51E152EB-7DC2-C447-63E9-9D77852940FF}
		{6352766E-1C79-4947-BCE6-5AAABAF4E47E} = {51E152EB-7DC2-C447-63E9-9D77852940FF}
		{3FC53C75-CDB2-4025-AAE7-41521FE978A8} = {DFEE68D8-A7D0-1A41-506C-9B74AA9A7B7B}
		{E12B7F72-2194-4E11-9160-0F6A77DC1F6E} = {2CB42F12-E813-91B3-7D11-3220E40BEF4A}
		{165F6C94-9DEA-4D89-AB48-843A3DF16EB3} = {FBF56CC3-7AE6-AD2D-3F14-7F97FD322CD6}
		{ADBF7CE8-77ED-4974-AD01-CCE32B5708C0} = {DFEE68D8-A7D0-1A41-506C-9B74AA9A7B7B}
	EndGlobalSection
EndGlobal
